github.com/cleonty/twitterclient v0.0.0-20170918052642-57fdf9bf08a5 h1:lQD975Bciu3K0rihneF/cFXXS8jw51JoEaaz+XF9gaE=
github.com/cleonty/twitterclient v0.0.0-20170918052642-57fdf9bf08a5/go.mod h1:Ma3V7oOP1tXbsptF/GR4m4KdjyB6HeZhlAIZmJ/cFrg=
github.com/elazarl/go-bindata-assetfs v1.0.0 h1:G/bYguwHIzWq9ZoyUQqrjTmJbbYn3j3CKKpKinvZLFk=
github.com/elazarl/go-bindata-assetfs v1.0.0/go.mod h1:v+YaWX3bdea5J/mo8dSETolEo7R71Vk1u8bnjau5yw4=
