github.com/cleonty/twitterclient v0.0.0-20200523023338-ac9720b22d08 h1:b+GF/C/qZPkJR6y/Vi9fWPx6Oab4bn07qm3AEGp4nzo=
github.com/cleonty/twitterclient v0.0.0-20200523023338-ac9720b22d08/go.mod h1:IHFsWcBbnokI9OtT/uTcBSA1MNV5L1/1ipjlv+fO0To=
github.com/elazarl/go-bindata-assetfs v1.0.0 h1:G/bYguwHIzWq9ZoyUQqrjTmJbbYn3j3CKKpKinvZLFk=
github.com/elazarl/go-bindata-assetfs v1.0.0/go.mod h1:v+YaWX3bdea5J/mo8dSETolEo7R71Vk1u8bnjau5yw4=
